
Microsoft Visual Studio Solution File, Format Version 12.00
# Visual Studio Version 17
VisualStudioVersion = 17.10.35122.118
MinimumVisualStudioVersion = 10.0.40219.1
Project("{FAE04EC0-301F-11D3-BF4B-00C04F79EFBC}") = "ConsoleApp1", "ConsoleApp1\ConsoleApp1.csproj", "{BDC6BBC4-C5F1-4C81-9152-18656BFADD7A}"
EndProject
Global
	GlobalSection(SolutionConfigurationPlatforms) = preSolution
		Debug|Any CPU = Debug|Any CPU
		Release|Any CPU = Release|Any CPU
	EndGlobalSection
	GlobalSection(ProjectConfigurationPlatforms) = postSolution
		{BDC6BBC4-C5F1-4C81-9152-18656BFADD7A}.Debug|Any CPU.ActiveCfg = Debug|Any CPU
		{BDC6BBC4-C5F1-4C81-9152-18656BFADD7A}.Debug|Any CPU.Build.0 = Debug|Any CPU
		{BDC6BBC4-C5F1-4C81-9152-18656BFADD7A}.Release|Any CPU.ActiveCfg = Release|Any CPU
		{BDC6BBC4-C5F1-4C81-9152-18656BFADD7A}.Release|Any CPU.Build.0 = Release|Any CPU
	EndGlobalSection
	GlobalSection(SolutionProperties) = preSolution
		HideSolutionNode = FALSE
	EndGlobalSection
	GlobalSection(ExtensibilityGlobals) = postSolution
		SolutionGuid = {BE6C9614-F653-4164-B00E-117CE1FF6F0E}
	EndGlobalSection
EndGlobal
